PODS:
  - Alamofire (5.9.1)
  - KakaoSDKAuth (2.22.2):
    - KakaoSDKCommon (= 2.22.2)
  - KakaoSDKCommon (2.22.2):
    - KakaoSDKCommon/Common (= 2.22.2)
    - KakaoSDKCommon/Network (= 2.22.2)
  - KakaoSDKCommon/Common (2.22.2)
  - KakaoSDKCommon/Network (2.22.2):
    - Alamofire (~> 5.9.0)
    - KakaoSDKCommon/Common (= 2.22.2)
  - KakaoSDKUser (2.22.2):
    - KakaoSDKAuth (= 2.22.2)

DEPENDENCIES:
  - Alamofire
  - KakaoSDKAuth
  - KakaoSDKCommon
  - KakaoSDKUser

SPEC REPOS:
  trunk:
    - Alamofire
    - KakaoSDKAuth
    - KakaoSDKCommon
    - KakaoSDKUser

SPEC CHECKSUMS:
  Alamofire: f36a35757af4587d8e4f4bfa223ad10be2422b8c
  KakaoSDKAuth: 6a4c46f84c772a19f24121d7f5a42aa861ebc0e7
  KakaoSDKCommon: d4f76f3b900dbef924a09196c8eb9245aefcaf83
  KakaoSDKUser: 642c339cdb3722216241c541a843f6a4588f6cf4

PODFILE CHECKSUM: 6c02d84594540fec626ea706b3357322ae5026aa

COCOAPODS: 1.15.2
